// !$*UTF8*$!
{
	archiveVersion = 1;
	classes = {
	};
	objectVersion = 48;
	objects = {

/* Begin PBXBuildFile section */
		05095B70203C02820003A0B5 /* SelectionViewController.swift in Sources */ = {isa = PBXBuildFile; fileRef = 05095B6F203C02810003A0B5 /* SelectionViewController.swift */; };
		05095B722044D7F10003A0B5 /* RecommendationsViewController.swift in Sources */ = {isa = PBXBuildFile; fileRef = 05095B712044D7F10003A0B5 /* RecommendationsViewController.swift */; };
		05095B7420450F410003A0B5 /* RecommendedItemView.xib in Resources */ = {isa = PBXBuildFile; fileRef = 05095B7320450F410003A0B5 /* RecommendedItemView.xib */; };
		05095B7620450FE00003A0B5 /* RecommendedItemView.swift in Sources */ = {isa = PBXBuildFile; fileRef = 05095B7520450FE00003A0B5 /* RecommendedItemView.swift */; };
		055B45A8201FC3A6007FA950 /* AppDelegate.swift in Sources */ = {isa = PBXBuildFile; fileRef = 055B45A7201FC3A6007FA950 /* AppDelegate.swift */; };
		055B45AA201FC3A6007FA950 /* MainViewController.swift in Sources */ = {isa = PBXBuildFile; fileRef = 055B45A9201FC3A6007FA950 /* MainViewController.swift */; };
		055B45AD201FC3A6007FA950 /* Main.storyboard in Resources */ = {isa = PBXBuildFile; fileRef = 055B45AB201FC3A6007FA950 /* Main.storyboard */; };
		055B45AF201FC3A6007FA950 /* Assets.xcassets in Resources */ = {isa = PBXBuildFile; fileRef = 055B45AE201FC3A6007FA950 /* Assets.xcassets */; };
		055B45B2201FC3A6007FA950 /* LaunchScreen.storyboard in Resources */ = {isa = PBXBuildFile; fileRef = 055B45B0201FC3A6007FA950 /* LaunchScreen.storyboard */; };
		055B45BA201FC46A007FA950 /* BLEManager.swift in Sources */ = {isa = PBXBuildFile; fileRef = 055B45B9201FC46A007FA950 /* BLEManager.swift */; };
/* End PBXBuildFile section */

/* Begin PBXFileReference section */
		05095B6F203C02810003A0B5 /* SelectionViewController.swift */ = {isa = PBXFileReference; lastKnownFileType = sourcecode.swift; path = SelectionViewController.swift; sourceTree = "<group>"; };
		05095B712044D7F10003A0B5 /* RecommendationsViewController.swift */ = {isa = PBXFileReference; lastKnownFileType = sourcecode.swift; path = RecommendationsViewController.swift; sourceTree = "<group>"; };
		05095B7320450F410003A0B5 /* RecommendedItemView.xib */ = {isa = PBXFileReference; lastKnownFileType = file.xib; path = RecommendedItemView.xib; sourceTree = "<group>"; };
		05095B7520450FE00003A0B5 /* RecommendedItemView.swift */ = {isa = PBXFileReference; lastKnownFileType = sourcecode.swift; path = RecommendedItemView.swift; sourceTree = "<group>"; };
		055B45A4201FC3A6007FA950 /* EcoBin.app */ = {isa = PBXFileReference; explicitFileType = wrapper.application; includeInIndex = 0; path = EcoBin.app; sourceTree = BUILT_PRODUCTS_DIR; };
		055B45A7201FC3A6007FA950 /* AppDelegate.swift */ = {isa = PBXFileReference; lastKnownFileType = sourcecode.swift; path = AppDelegate.swift; sourceTree = "<group>"; };
		055B45A9201FC3A6007FA950 /* MainViewController.swift */ = {isa = PBXFileReference; lastKnownFileType = sourcecode.swift; path = MainViewController.swift; sourceTree = "<group>"; };
		055B45AC201FC3A6007FA950 /* Base */ = {isa = PBXFileReference; lastKnownFileType = file.storyboard; name = Base; path = Base.lproj/Main.storyboard; sourceTree = "<group>"; };
		055B45AE201FC3A6007FA950 /* Assets.xcassets */ = {isa = PBXFileReference; lastKnownFileType = folder.assetcatalog; path = Assets.xcassets; sourceTree = "<group>"; };
		055B45B1201FC3A6007FA950 /* Base */ = {isa = PBXFileReference; lastKnownFileType = file.storyboard; name = Base; path = Base.lproj/LaunchScreen.storyboard; sourceTree = "<group>"; };
		055B45B3201FC3A6007FA950 /* Info.plist */ = {isa = PBXFileReference; lastKnownFileType = text.plist.xml; path = Info.plist; sourceTree = "<group>"; };
		055B45B9201FC46A007FA950 /* BLEManager.swift */ = {isa = PBXFileReference; lastKnownFileType = sourcecode.swift; path = BLEManager.swift; sourceTree = "<group>"; };
/* End PBXFileReference section */

/* Begin PBXFrameworksBuildPhase section */
		055B45A1201FC3A6007FA950 /* Frameworks */ = {
			isa = PBXFrameworksBuildPhase;
			buildActionMask = 2147483647;
			files = (
			);
			runOnlyForDeploymentPostprocessing = 0;
		};
/* End PBXFrameworksBuildPhase section */

/* Begin PBXGroup section */
		05095B7720452C1E0003A0B5 /* Views */ = {
			isa = PBXGroup;
			children = (
				05095B7320450F410003A0B5 /* RecommendedItemView.xib */,
				05095B7520450FE00003A0B5 /* RecommendedItemView.swift */,
			);
			path = Views;
			sourceTree = "<group>";
		};
		05095B7820452C320003A0B5 /* View Controllers */ = {
			isa = PBXGroup;
			children = (
				055B45A9201FC3A6007FA950 /* MainViewController.swift */,
				05095B6F203C02810003A0B5 /* SelectionViewController.swift */,
				05095B712044D7F10003A0B5 /* RecommendationsViewController.swift */,
			);
			path = "View Controllers";
			sourceTree = "<group>";
		};
		055B459B201FC3A6007FA950 = {
			isa = PBXGroup;
			children = (
				055B45A6201FC3A6007FA950 /* EcoBin */,
				055B45A5201FC3A6007FA950 /* Products */,
			);
			sourceTree = "<group>";
		};
		055B45A5201FC3A6007FA950 /* Products */ = {
			isa = PBXGroup;
			children = (
				055B45A4201FC3A6007FA950 /* EcoBin.app */,
			);
			name = Products;
			sourceTree = "<group>";
		};
		055B45A6201FC3A6007FA950 /* EcoBin */ = {
			isa = PBXGroup;
			children = (
				05095B7820452C320003A0B5 /* View Controllers */,
				05095B7720452C1E0003A0B5 /* Views */,
				055B45A7201FC3A6007FA950 /* AppDelegate.swift */,
				055B45B9201FC46A007FA950 /* BLEManager.swift */,
				055B45AB201FC3A6007FA950 /* Main.storyboard */,
				055B45B0201FC3A6007FA950 /* LaunchScreen.storyboard */,
				055B45AE201FC3A6007FA950 /* Assets.xcassets */,
				055B45B3201FC3A6007FA950 /* Info.plist */,
			);
			path = EcoBin;
			sourceTree = "<group>";
		};
/* End PBXGroup section */

/* Begin PBXNativeTarget section */
		055B45A3201FC3A6007FA950 /* EcoBin */ = {
			isa = PBXNativeTarget;
			buildConfigurationList = 055B45B6201FC3A6007FA950 /* Build configuration list for PBXNativeTarget "EcoBin" */;
			buildPhases = (
				055B45A0201FC3A6007FA950 /* Sources */,
				055B45A1201FC3A6007FA950 /* Frameworks */,
				055B45A2201FC3A6007FA950 /* Resources */,
			);
			buildRules = (
			);
			dependencies = (
			);
			name = EcoBin;
			productName = EcoBin;
			productReference = 055B45A4201FC3A6007FA950 /* EcoBin.app */;
			productType = "com.apple.product-type.application";
		};
/* End PBXNativeTarget section */

/* Begin PBXProject section */
		055B459C201FC3A6007FA950 /* Project object */ = {
			isa = PBXProject;
			attributes = {
				LastSwiftUpdateCheck = 0920;
				LastUpgradeCheck = 0920;
				ORGANIZATIONNAME = EcoBin;
				TargetAttributes = {
					055B45A3201FC3A6007FA950 = {
						CreatedOnToolsVersion = 9.2;
						ProvisioningStyle = Automatic;
						SystemCapabilities = {
							com.apple.BackgroundModes = {
								enabled = 1;
							};
						};
					};
				};
			};
			buildConfigurationList = 055B459F201FC3A6007FA950 /* Build configuration list for PBXProject "EcoBin" */;
			compatibilityVersion = "Xcode 8.0";
			developmentRegion = en;
			hasScannedForEncodings = 0;
			knownRegions = (
				en,
				Base,
			);
			mainGroup = 055B459B201FC3A6007FA950;
			productRefGroup = 055B45A5201FC3A6007FA950 /* Products */;
			projectDirPath = "";
			projectRoot = "";
			targets = (
				055B45A3201FC3A6007FA950 /* EcoBin */,
			);
		};
/* End PBXProject section */

/* Begin PBXResourcesBuildPhase section */
		055B45A2201FC3A6007FA950 /* Resources */ = {
			isa = PBXResourcesBuildPhase;
			buildActionMask = 2147483647;
			files = (
				055B45B2201FC3A6007FA950 /* LaunchScreen.storyboard in Resources */,
				055B45AF201FC3A6007FA950 /* Assets.xcassets in Resources */,
				055B45AD201FC3A6007FA950 /* Main.storyboard in Resources */,
				05095B7420450F410003A0B5 /* RecommendedItemView.xib in Resources */,
			);
			runOnlyForDeploymentPostprocessing = 0;
		};
/* End PBXResourcesBuildPhase section */

/* Begin PBXSourcesBuildPhase section */
		055B45A0201FC3A6007FA950 /* Sources */ = {
			isa = PBXSourcesBuildPhase;
			buildActionMask = 2147483647;
			files = (
				055B45AA201FC3A6007FA950 /* MainViewController.swift in Sources */,
				05095B70203C02820003A0B5 /* SelectionViewController.swift in Sources */,
				055B45BA201FC46A007FA950 /* BLEManager.swift in Sources */,
				05095B7620450FE00003A0B5 /* RecommendedItemView.swift in Sources */,
				055B45A8201FC3A6007FA950 /* AppDelegate.swift in Sources */,
				05095B722044D7F10003A0B5 /* RecommendationsViewController.swift in Sources */,
			);
			runOnlyForDeploymentPostprocessing = 0;
		};
/* End PBXSourcesBuildPhase section */

/* Begin PBXVariantGroup section */
		055B45AB201FC3A6007FA950 /* Main.storyboard */ = {
			isa = PBXVariantGroup;
			children = (
				055B45AC201FC3A6007FA950 /* Base */,
			);
			name = Main.storyboard;
			sourceTree = "<group>";
		};
		055B45B0201FC3A6007FA950 /* LaunchScreen.storyboard */ = {
			isa = PBXVariantGroup;
			children = (
				055B45B1201FC3A6007FA950 /* Base */,
			);
			name = LaunchScreen.storyboard;
			sourceTree = "<group>";
		};
/* End PBXVariantGroup section */

/* Begin XCBuildConfiguration section */
		055B45B4201FC3A6007FA950 /* Debug */ = {
			isa = XCBuildConfiguration;
			buildSettings = {
				ALWAYS_SEARCH_USER_PATHS = NO;
				CLANG_ANALYZER_NONNULL = YES;
				CLANG_ANALYZER_NUMBER_OBJECT_CONVERSION = YES_AGGRESSIVE;
				CLANG_CXX_LANGUAGE_STANDARD = "gnu++14";
				CLANG_CXX_LIBRARY = "libc++";
				CLANG_ENABLE_MODULES = YES;
				CLANG_ENABLE_OBJC_ARC = YES;
				CLANG_WARN_BLOCK_CAPTURE_AUTORELEASING = YES;
				CLANG_WARN_BOOL_CONVERSION = YES;
				CLANG_WARN_COMMA = YES;
				CLANG_WARN_CONSTANT_CONVERSION = YES;
				CLANG_WARN_DIRECT_OBJC_ISA_USAGE = YES_ERROR;
				CLANG_WARN_DOCUMENTATION_COMMENTS = YES;
				CLANG_WARN_EMPTY_BODY = YES;
				CLANG_WARN_ENUM_CONVERSION = YES;
				CLANG_WARN_INFINITE_RECURSION = YES;
				CLANG_WARN_INT_CONVERSION = YES;
				CLANG_WARN_NON_LITERAL_NULL_CONVERSION = YES;
				CLANG_WARN_OBJC_LITERAL_CONVERSION = YES;
				CLANG_WARN_OBJC_ROOT_CLASS = YES_ERROR;
				CLANG_WARN_RANGE_LOOP_ANALYSIS = YES;
				CLANG_WARN_STRICT_PROTOTYPES = YES;
				CLANG_WARN_SUSPICIOUS_MOVE = YES;
				CLANG_WARN_UNGUARDED_AVAILABILITY = YES_AGGRESSIVE;
				CLANG_WARN_UNREACHABLE_CODE = YES;
				CLANG_WARN__DUPLICATE_METHOD_MATCH = YES;
				CODE_SIGN_IDENTITY = "iPhone Developer";
				COPY_PHASE_STRIP = NO;
				DEBUG_INFORMATION_FORMAT = dwarf;
				ENABLE_STRICT_OBJC_MSGSEND = YES;
				ENABLE_TESTABILITY = YES;
				GCC_C_LANGUAGE_STANDARD = gnu11;
				GCC_DYNAMIC_NO_PIC = NO;
				GCC_NO_COMMON_BLOCKS = YES;
				GCC_OPTIMIZATION_LEVEL = 0;
				GCC_PREPROCESSOR_DEFINITIONS = (
					"DEBUG=1",
					"$(inherited)",
				);
				GCC_WARN_64_TO_32_BIT_CONVERSION = YES;
				GCC_WARN_ABOUT_RETURN_TYPE = YES_ERROR;
				GCC_WARN_UNDECLARED_SELECTOR = YES;
				GCC_WARN_UNINITIALIZED_AUTOS = YES_AGGRESSIVE;
				GCC_WARN_UNUSED_FUNCTION = YES;
				GCC_WARN_UNUSED_VARIABLE = YES;
				IPHONEOS_DEPLOYMENT_TARGET = 11.2;
				MTL_ENABLE_DEBUG_INFO = YES;
				ONLY_ACTIVE_ARCH = YES;
				SDKROOT = iphoneos;
				SWIFT_ACTIVE_COMPILATION_CONDITIONS = DEBUG;
				SWIFT_OPTIMIZATION_LEVEL = "-Onone";
			};
			name = Debug;
		};
		055B45B5201FC3A6007FA950 /* Release */ = {
			isa = XCBuildConfiguration;
			buildSettings = {
				ALWAYS_SEARCH_USER_PATHS = NO;
				CLANG_ANALYZER_NONNULL = YES;
				CLANG_ANALYZER_NUMBER_OBJECT_CONVERSION = YES_AGGRESSIVE;
				CLANG_CXX_LANGUAGE_STANDARD = "gnu++14";
				CLANG_CXX_LIBRARY = "libc++";
				CLANG_ENABLE_MODULES = YES;
				CLANG_ENABLE_OBJC_ARC = YES;
				CLANG_WARN_BLOCK_CAPTURE_AUTORELEASING = YES;
				CLANG_WARN_BOOL_CONVERSION = YES;
				CLANG_WARN_COMMA = YES;
				CLANG_WARN_CONSTANT_CONVERSION = YES;
				CLANG_WARN_DIRECT_OBJC_ISA_USAGE = YES_ERROR;
				CLANG_WARN_DOCUMENTATION_COMMENTS = YES;
				CLANG_WARN_EMPTY_BODY = YES;
				CLANG_WARN_ENUM_CONVERSION = YES;
				CLANG_WARN_INFINITE_RECURSION = YES;
				CLANG_WARN_INT_CONVERSION = YES;
				CLANG_WARN_NON_LITERAL_NULL_CONVERSION = YES;
				CLANG_WARN_OBJC_LITERAL_CONVERSION = YES;
				CLANG_WARN_OBJC_ROOT_CLASS = YES_ERROR;
				CLANG_WARN_RANGE_LOOP_ANALYSIS = YES;
				CLANG_WARN_STRICT_PROTOTYPES = YES;
				CLANG_WARN_SUSPICIOUS_MOVE = YES;
				CLANG_WARN_UNGUARDED_AVAILABILITY = YES_AGGRESSIVE;
				CLANG_WARN_UNREACHABLE_CODE = YES;
				CLANG_WARN__DUPLICATE_METHOD_MATCH = YES;
				CODE_SIGN_IDENTITY = "iPhone Developer";
				COPY_PHASE_STRIP = NO;
				DEBUG_INFORMATION_FORMAT = "dwarf-with-dsym";
				ENABLE_NS_ASSERTIONS = NO;
				ENABLE_STRICT_OBJC_MSGSEND = YES;
				GCC_C_LANGUAGE_STANDARD = gnu11;
				GCC_NO_COMMON_BLOCKS = YES;
				GCC_WARN_64_TO_32_BIT_CONVERSION = YES;
				GCC_WARN_ABOUT_RETURN_TYPE = YES_ERROR;
				GCC_WARN_UNDECLARED_SELECTOR = YES;
				GCC_WARN_UNINITIALIZED_AUTOS = YES_AGGRESSIVE;
				GCC_WARN_UNUSED_FUNCTION = YES;
				GCC_WARN_UNUSED_VARIABLE = YES;
				IPHONEOS_DEPLOYMENT_TARGET = 11.2;
				MTL_ENABLE_DEBUG_INFO = NO;
				SDKROOT = iphoneos;
				SWIFT_OPTIMIZATION_LEVEL = "-Owholemodule";
				VALIDATE_PRODUCT = YES;
			};
			name = Release;
		};
		055B45B7201FC3A6007FA950 /* Debug */ = {
			isa = XCBuildConfiguration;
			buildSettings = {
				ASSETCATALOG_COMPILER_APPICON_NAME = AppIcon;
				CODE_SIGN_STYLE = Automatic;
				DEVELOPMENT_TEAM = D2P8DW4R5A;
				INFOPLIST_FILE = EcoBin/Info.plist;
				LD_RUNPATH_SEARCH_PATHS = "$(inherited) @executable_path/Frameworks";
				PRODUCT_BUNDLE_IDENTIFIER = com.EcoBin.EcoBin;
				PRODUCT_NAME = "$(TARGET_NAME)";
				SWIFT_VERSION = 4.0;
				TARGETED_DEVICE_FAMILY = "1,2";
			};
			name = Debug;
		};
		055B45B8201FC3A6007FA950 /* Release */ = {
			isa = XCBuildConfiguration;
			buildSettings = {
				ASSETCATALOG_COMPILER_APPICON_NAME = AppIcon;
				CODE_SIGN_STYLE = Automatic;
				DEVELOPMENT_TEAM = D2P8DW4R5A;
				INFOPLIST_FILE = EcoBin/Info.plist;
				LD_RUNPATH_SEARCH_PATHS = "$(inherited) @executable_path/Frameworks";
				PRODUCT_BUNDLE_IDENTIFIER = com.EcoBin.EcoBin;
				PRODUCT_NAME = "$(TARGET_NAME)";
				SWIFT_VERSION = 4.0;
				TARGETED_DEVICE_FAMILY = "1,2";
			};
			name = Release;
		};
/* End XCBuildConfiguration section */

/* Begin XCConfigurationList section */
		055B459F201FC3A6007FA950 /* Build configuration list for PBXProject "EcoBin" */ = {
			isa = XCConfigurationList;
			buildConfigurations = (
				055B45B4201FC3A6007FA950 /* Debug */,
				055B45B5201FC3A6007FA950 /* Release */,
			);
			defaultConfigurationIsVisible = 0;
			defaultConfigurationName = Release;
		};
		055B45B6201FC3A6007FA950 /* Build configuration list for PBXNativeTarget "EcoBin" */ = {
			isa = XCConfigurationList;
			buildConfigurations = (
				055B45B7201FC3A6007FA950 /* Debug */,
				055B45B8201FC3A6007FA950 /* Release */,
			);
			defaultConfigurationIsVisible = 0;
			defaultConfigurationName = Release;
		};
/* End XCConfigurationList section */
	};
	rootObject = 055B459C201FC3A6007FA950 /* Project object */;
}
